Microsoft Visual Studio Solution File, Format Version 11.00
# Visual Studio 2008

Project("{1089D39C-F9E6-2844-F72A-218BA3681CD5}") = "SimpleFramework_NGUI-0.4.1", "Assembly-CSharp-firstpass.csproj", "{45C70D88-D257-B4B5-0265-9E8F7AEA37CB}"
EndProject
Project("{1089D39C-F9E6-2844-F72A-218BA3681CD5}") = "SimpleFramework_NGUI-0.4.1", "Assembly-CSharp.csproj", "{D99CB70B-6BE3-E0AB-4484-439E49A32F45}"
EndProject
Project("{1089D39C-F9E6-2844-F72A-218BA3681CD5}") = "SimpleFramework_NGUI-0.4.1", "Assembly-CSharp-Editor-firstpass.csproj", "{8AD019C8-0B34-F922-939A-220DCBFF5F6E}"
EndProject
Project("{1089D39C-F9E6-2844-F72A-218BA3681CD5}") = "SimpleFramework_NGUI-0.4.1", "Assembly-CSharp-Editor.csproj", "{43260FF5-F880-CBB4-3C45-439BEEF86E1A}"
EndProject
Global
	GlobalSection(SolutionConfigurationPlatforms) = preSolution
		Debug|Any CPU = Debug|Any CPU
		Release|Any CPU = Release|Any CPU
	EndGlobalSection
	GlobalSection(ProjectConfigurationPlatforms) = postSolution
		{45C70D88-D257-B4B5-0265-9E8F7AEA37CB}.Debug|Any CPU.ActiveCfg = Debug|Any CPU
		{45C70D88-D257-B4B5-0265-9E8F7AEA37CB}.Debug|Any CPU.Build.0 = Debug|Any CPU
		{45C70D88-D257-B4B5-0265-9E8F7AEA37CB}.Release|Any CPU.ActiveCfg = Release|Any CPU
		{45C70D88-D257-B4B5-0265-9E8F7AEA37CB}.Release|Any CPU.Build.0 = Release|Any CPU
		{D99CB70B-6BE3-E0AB-4484-439E49A32F45}.Debug|Any CPU.ActiveCfg = Debug|Any CPU
		{D99CB70B-6BE3-E0AB-4484-439E49A32F45}.Debug|Any CPU.Build.0 = Debug|Any CPU
		{D99CB70B-6BE3-E0AB-4484-439E49A32F45}.Release|Any CPU.ActiveCfg = Release|Any CPU
		{D99CB70B-6BE3-E0AB-4484-439E49A32F45}.Release|Any CPU.Build.0 = Release|Any CPU
		{8AD019C8-0B34-F922-939A-220DCBFF5F6E}.Debug|Any CPU.ActiveCfg = Debug|Any CPU
		{8AD019C8-0B34-F922-939A-220DCBFF5F6E}.Debug|Any CPU.Build.0 = Debug|Any CPU
		{8AD019C8-0B34-F922-939A-220DCBFF5F6E}.Release|Any CPU.ActiveCfg = Release|Any CPU
		{8AD019C8-0B34-F922-939A-220DCBFF5F6E}.Release|Any CPU.Build.0 = Release|Any CPU
		{43260FF5-F880-CBB4-3C45-439BEEF86E1A}.Debug|Any CPU.ActiveCfg = Debug|Any CPU
		{43260FF5-F880-CBB4-3C45-439BEEF86E1A}.Debug|Any CPU.Build.0 = Debug|Any CPU
		{43260FF5-F880-CBB4-3C45-439BEEF86E1A}.Release|Any CPU.ActiveCfg = Release|Any CPU
		{43260FF5-F880-CBB4-3C45-439BEEF86E1A}.Release|Any CPU.Build.0 = Release|Any CPU
	EndGlobalSection
	GlobalSection(SolutionProperties) = preSolution
		HideSolutionNode = FALSE
	EndGlobalSection
	GlobalSection(MonoDevelopProperties) = preSolution
		StartupItem = Assembly-CSharp.csproj
	EndGlobalSection
EndGlobal
